
Microsoft Visual Studio Solution File, Format Version 12.00
# Visual Studio Version 17
VisualStudioVersion = 17.14.36414.22 d17.14
MinimumVisualStudioVersion = 10.0.40219.1
Project("{FAE04EC0-301F-11D3-BF4B-00C04F79EFBC}") = "Polymorphism", "Polymorphism\Polymorphism.csproj", "{7F4AC643-AEE4-470D-A90B-0D1F31342D48}"
EndProject
Project("{FAE04EC0-301F-11D3-BF4B-00C04F79EFBC}") = "challenge2", "challenge2\challenge2.csproj", "{6C218066-0070-4D27-AE79-03511CA933D0}"
EndProject
Project("{FAE04EC0-301F-11D3-BF4B-00C04F79EFBC}") = "GETST", "GETST\GETST.csproj", "{37F5F77F-0B32-42F4-8841-F15C5C827667}"
EndProject
Project("{FAE04EC0-301F-11D3-BF4B-00C04F79EFBC}") = "calc", "calc\calc.csproj", "{FFBFD16B-D11D-4BC6-9D22-357356C8A2C3}"
EndProject
Project("{FAE04EC0-301F-11D3-BF4B-00C04F79EFBC}") = "BankAccount1", "BankAccount1\BankAccount1.csproj", "{372AE792-01C7-46BD-B332-2FE8C5F908E7}"
EndProject
Global
	GlobalSection(SolutionConfigurationPlatforms) = preSolution
		Debug|Any CPU = Debug|Any CPU
		Release|Any CPU = Release|Any CPU
	EndGlobalSection
	GlobalSection(ProjectConfigurationPlatforms) = postSolution
		{7F4AC643-AEE4-470D-A90B-0D1F31342D48}.Debug|Any CPU.ActiveCfg = Debug|Any CPU
		{7F4AC643-AEE4-470D-A90B-0D1F31342D48}.Debug|Any CPU.Build.0 = Debug|Any CPU
		{7F4AC643-AEE4-470D-A90B-0D1F31342D48}.Release|Any CPU.ActiveCfg = Release|Any CPU
		{7F4AC643-AEE4-470D-A90B-0D1F31342D48}.Release|Any CPU.Build.0 = Release|Any CPU
		{6C218066-0070-4D27-AE79-03511CA933D0}.Debug|Any CPU.ActiveCfg = Debug|Any CPU
		{6C218066-0070-4D27-AE79-03511CA933D0}.Debug|Any CPU.Build.0 = Debug|Any CPU
		{6C218066-0070-4D27-AE79-03511CA933D0}.Release|Any CPU.ActiveCfg = Release|Any CPU
		{6C218066-0070-4D27-AE79-03511CA933D0}.Release|Any CPU.Build.0 = Release|Any CPU
		{37F5F77F-0B32-42F4-8841-F15C5C827667}.Debug|Any CPU.ActiveCfg = Debug|Any CPU
		{37F5F77F-0B32-42F4-8841-F15C5C827667}.Debug|Any CPU.Build.0 = Debug|Any CPU
		{37F5F77F-0B32-42F4-8841-F15C5C827667}.Release|Any CPU.ActiveCfg = Release|Any CPU
		{37F5F77F-0B32-42F4-8841-F15C5C827667}.Release|Any CPU.Build.0 = Release|Any CPU
		{FFBFD16B-D11D-4BC6-9D22-357356C8A2C3}.Debug|Any CPU.ActiveCfg = Debug|Any CPU
		{FFBFD16B-D11D-4BC6-9D22-357356C8A2C3}.Debug|Any CPU.Build.0 = Debug|Any CPU
		{FFBFD16B-D11D-4BC6-9D22-357356C8A2C3}.Release|Any CPU.ActiveCfg = Release|Any CPU
		{FFBFD16B-D11D-4BC6-9D22-357356C8A2C3}.Release|Any CPU.Build.0 = Release|Any CPU
		{372AE792-01C7-46BD-B332-2FE8C5F908E7}.Debug|Any CPU.ActiveCfg = Debug|Any CPU
		{372AE792-01C7-46BD-B332-2FE8C5F908E7}.Debug|Any CPU.Build.0 = Debug|Any CPU
		{372AE792-01C7-46BD-B332-2FE8C5F908E7}.Release|Any CPU.ActiveCfg = Release|Any CPU
		{372AE792-01C7-46BD-B332-2FE8C5F908E7}.Release|Any CPU.Build.0 = Release|Any CPU
	EndGlobalSection
	GlobalSection(SolutionProperties) = preSolution
		HideSolutionNode = FALSE
	EndGlobalSection
	GlobalSection(ExtensibilityGlobals) = postSolution
		SolutionGuid = {06CFA5EA-E41A-473C-9BF6-AC4CC73F684B}
	EndGlobalSection
EndGlobal
